// !$*UTF8*$!
{
	archiveVersion = 1;
	classes = {
	};
	objectVersion = 48;
	objects = {

/* Begin PBXBuildFile section */
		5101D6B01F79E7CA00365BDC /* AppDelegate.m in Sources */ = {isa = PBXBuildFile; fileRef = 5101D6AF1F79E7CA00365BDC /* AppDelegate.m */; };
		5101D6B31F79E7CA00365BDC /* ViewController.m in Sources */ = {isa = PBXBuildFile; fileRef = 5101D6B21F79E7CA00365BDC /* ViewController.m */; };
		5101D6B61F79E7CA00365BDC /* Main.storyboard in Resources */ = {isa = PBXBuildFile; fileRef = 5101D6B41F79E7CA00365BDC /* Main.storyboard */; };
		5101D6B81F79E7CA00365BDC /* Assets.xcassets in Resources */ = {isa = PBXBuildFile; fileRef = 5101D6B71F79E7CA00365BDC /* Assets.xcassets */; };
		5101D6BB1F79E7CA00365BDC /* LaunchScreen.storyboard in Resources */ = {isa = PBXBuildFile; fileRef = 5101D6B91F79E7CA00365BDC /* LaunchScreen.storyboard */; };
		5101D6BE1F79E7CA00365BDC /* main.m in Sources */ = {isa = PBXBuildFile; fileRef = 5101D6BD1F79E7CA00365BDC /* main.m */; };
		5101D6C81F79E7CA00365BDC /* TBRuntimeGitTests.m in Sources */ = {isa = PBXBuildFile; fileRef = 5101D6C71F79E7CA00365BDC /* TBRuntimeGitTests.m */; };
		5101D6D31F79E7CA00365BDC /* TBRuntimeGitUITests.m in Sources */ = {isa = PBXBuildFile; fileRef = 5101D6D21F79E7CA00365BDC /* TBRuntimeGitUITests.m */; };
		510FC8D91F7A1E5B00AA98F7 /* NSObject+TBRunTimeGit.m in Sources */ = {isa = PBXBuildFile; fileRef = 510FC8D11F7A1E5B00AA98F7 /* NSObject+TBRunTimeGit.m */; };
		510FC8DA1F7A1E5B00AA98F7 /* TBRuntimeGitPerson.m in Sources */ = {isa = PBXBuildFile; fileRef = 510FC8D31F7A1E5B00AA98F7 /* TBRuntimeGitPerson.m */; };
		510FC8DB1F7A1E5B00AA98F7 /* TBRuntimeGitPerson2.m in Sources */ = {isa = PBXBuildFile; fileRef = 510FC8D51F7A1E5B00AA98F7 /* TBRuntimeGitPerson2.m */; };
		510FC8DC1F7A1E5B00AA98F7 /* TBRunTimeGitVC.m in Sources */ = {isa = PBXBuildFile; fileRef = 510FC8D71F7A1E5B00AA98F7 /* TBRunTimeGitVC.m */; };
		510FC8DD1F7A1E5B00AA98F7 /* TBRunTimeGitVC.xib in Resources */ = {isa = PBXBuildFile; fileRef = 510FC8D81F7A1E5B00AA98F7 /* TBRunTimeGitVC.xib */; };
/* End PBXBuildFile section */

/* Begin PBXContainerItemProxy section */
		5101D6C41F79E7CA00365BDC /* PBXContainerItemProxy */ = {
			isa = PBXContainerItemProxy;
			containerPortal = 5101D6A31F79E7CA00365BDC /* Project object */;
			proxyType = 1;
			remoteGlobalIDString = 5101D6AA1F79E7CA00365BDC;
			remoteInfo = TBRuntimeGit;
		};
		5101D6CF1F79E7CA00365BDC /* PBXContainerItemProxy */ = {
			isa = PBXContainerItemProxy;
			containerPortal = 5101D6A31F79E7CA00365BDC /* Project object */;
			proxyType = 1;
			remoteGlobalIDString = 5101D6AA1F79E7CA00365BDC;
			remoteInfo = TBRuntimeGit;
		};
/* End PBXContainerItemProxy section */

/* Begin PBXFileReference section */
		5101D6AB1F79E7CA00365BDC /* TBRuntimeGit.app */ = {isa = PBXFileReference; explicitFileType = wrapper.application; includeInIndex = 0; path = TBRuntimeGit.app; sourceTree = BUILT_PRODUCTS_DIR; };
		5101D6AE1F79E7CA00365BDC /* AppDelegate.h */ = {isa = PBXFileReference; lastKnownFileType = sourcecode.c.h; path = AppDelegate.h; sourceTree = "<group>"; };
		5101D6AF1F79E7CA00365BDC /* AppDelegate.m */ = {isa = PBXFileReference; lastKnownFileType = sourcecode.c.objc; path = AppDelegate.m; sourceTree = "<group>"; };
		5101D6B11F79E7CA00365BDC /* ViewController.h */ = {isa = PBXFileReference; lastKnownFileType = sourcecode.c.h; path = ViewController.h; sourceTree = "<group>"; };
		5101D6B21F79E7CA00365BDC /* ViewController.m */ = {isa = PBXFileReference; lastKnownFileType = sourcecode.c.objc; path = ViewController.m; sourceTree = "<group>"; };
		5101D6B51F79E7CA00365BDC /* Base */ = {isa = PBXFileReference; lastKnownFileType = file.storyboard; name = Base; path = Base.lproj/Main.storyboard; sourceTree = "<group>"; };
		5101D6B71F79E7CA00365BDC /* Assets.xcassets */ = {isa = PBXFileReference; lastKnownFileType = folder.assetcatalog; path = Assets.xcassets; sourceTree = "<group>"; };
		5101D6BA1F79E7CA00365BDC /* Base */ = {isa = PBXFileReference; lastKnownFileType = file.storyboard; name = Base; path = Base.lproj/LaunchScreen.storyboard; sourceTree = "<group>"; };
		5101D6BC1F79E7CA00365BDC /* Info.plist */ = {isa = PBXFileReference; lastKnownFileType = text.plist.xml; path = Info.plist; sourceTree = "<group>"; };
		5101D6BD1F79E7CA00365BDC /* main.m */ = {isa = PBXFileReference; lastKnownFileType = sourcecode.c.objc; path = main.m; sourceTree = "<group>"; };
		5101D6C31F79E7CA00365BDC /* TBRuntimeGitTests.xctest */ = {isa = PBXFileReference; explicitFileType = wrapper.cfbundle; includeInIndex = 0; path = TBRuntimeGitTests.xctest; sourceTree = BUILT_PRODUCTS_DIR; };
		5101D6C71F79E7CA00365BDC /* TBRuntimeGitTests.m */ = {isa = PBXFileReference; lastKnownFileType = sourcecode.c.objc; path = TBRuntimeGitTests.m; sourceTree = "<group>"; };
		5101D6C91F79E7CA00365BDC /* Info.plist */ = {isa = PBXFileReference; lastKnownFileType = text.plist.xml; path = Info.plist; sourceTree = "<group>"; };
		5101D6CE1F79E7CA00365BDC /* TBRuntimeGitUITests.xctest */ = {isa = PBXFileReference; explicitFileType = wrapper.cfbundle; includeInIndex = 0; path = TBRuntimeGitUITests.xctest; sourceTree = BUILT_PRODUCTS_DIR; };
		5101D6D21F79E7CA00365BDC /* TBRuntimeGitUITests.m */ = {isa = PBXFileReference; lastKnownFileType = sourcecode.c.objc; path = TBRuntimeGitUITests.m; sourceTree = "<group>"; };
		5101D6D41F79E7CA00365BDC /* Info.plist */ = {isa = PBXFileReference; lastKnownFileType = text.plist.xml; path = Info.plist; sourceTree = "<group>"; };
		510FC8D01F7A1E5B00AA98F7 /* NSObject+TBRunTimeGit.h */ = {isa = PBXFileReference; fileEncoding = 4; lastKnownFileType = sourcecode.c.h; path = "NSObject+TBRunTimeGit.h"; sourceTree = "<group>"; };
		510FC8D11F7A1E5B00AA98F7 /* NSObject+TBRunTimeGit.m */ = {isa = PBXFileReference; fileEncoding = 4; lastKnownFileType = sourcecode.c.objc; path = "NSObject+TBRunTimeGit.m"; sourceTree = "<group>"; };
		510FC8D21F7A1E5B00AA98F7 /* TBRuntimeGitPerson.h */ = {isa = PBXFileReference; fileEncoding = 4; lastKnownFileType = sourcecode.c.h; path = TBRuntimeGitPerson.h; sourceTree = "<group>"; };
		510FC8D31F7A1E5B00AA98F7 /* TBRuntimeGitPerson.m */ = {isa = PBXFileReference; fileEncoding = 4; lastKnownFileType = sourcecode.c.objc; path = TBRuntimeGitPerson.m; sourceTree = "<group>"; };
		510FC8D41F7A1E5B00AA98F7 /* TBRuntimeGitPerson2.h */ = {isa = PBXFileReference; fileEncoding = 4; lastKnownFileType = sourcecode.c.h; path = TBRuntimeGitPerson2.h; sourceTree = "<group>"; };
		510FC8D51F7A1E5B00AA98F7 /* TBRuntimeGitPerson2.m */ = {isa = PBXFileReference; fileEncoding = 4; lastKnownFileType = sourcecode.c.objc; path = TBRuntimeGitPerson2.m; sourceTree = "<group>"; };
		510FC8D61F7A1E5B00AA98F7 /* TBRunTimeGitVC.h */ = {isa = PBXFileReference; fileEncoding = 4; lastKnownFileType = sourcecode.c.h; path = TBRunTimeGitVC.h; sourceTree = "<group>"; };
		510FC8D71F7A1E5B00AA98F7 /* TBRunTimeGitVC.m */ = {isa = PBXFileReference; fileEncoding = 4; lastKnownFileType = sourcecode.c.objc; path = TBRunTimeGitVC.m; sourceTree = "<group>"; };
		510FC8D81F7A1E5B00AA98F7 /* TBRunTimeGitVC.xib */ = {isa = PBXFileReference; fileEncoding = 4; lastKnownFileType = file.xib; path = TBRunTimeGitVC.xib; sourceTree = "<group>"; };
/* End PBXFileReference section */

/* Begin PBXFrameworksBuildPhase section */
		5101D6A81F79E7CA00365BDC /* Frameworks */ = {
			isa = PBXFrameworksBuildPhase;
			buildActionMask = 2147483647;
			files = (
			);
			runOnlyForDeploymentPostprocessing = 0;
		};
		5101D6C01F79E7CA00365BDC /* Frameworks */ = {
			isa = PBXFrameworksBuildPhase;
			buildActionMask = 2147483647;
			files = (
			);
			runOnlyForDeploymentPostprocessing = 0;
		};
		5101D6CB1F79E7CA00365BDC /* Frameworks */ = {
			isa = PBXFrameworksBuildPhase;
			buildActionMask = 2147483647;
			files = (
			);
			runOnlyForDeploymentPostprocessing = 0;
		};
/* End PBXFrameworksBuildPhase section */

/* Begin PBXGroup section */
		5101D6A21F79E7CA00365BDC = {
			isa = PBXGroup;
			children = (
				5101D6AD1F79E7CA00365BDC /* TBRuntimeGit */,
				5101D6C61F79E7CA00365BDC /* TBRuntimeGitTests */,
				5101D6D11F79E7CA00365BDC /* TBRuntimeGitUITests */,
				5101D6AC1F79E7CA00365BDC /* Products */,
			);
			sourceTree = "<group>";
		};
		5101D6AC1F79E7CA00365BDC /* Products */ = {
			isa = PBXGroup;
			children = (
				5101D6AB1F79E7CA00365BDC /* TBRuntimeGit.app */,
				5101D6C31F79E7CA00365BDC /* TBRuntimeGitTests.xctest */,
				5101D6CE1F79E7CA00365BDC /* TBRuntimeGitUITests.xctest */,
			);
			name = Products;
			sourceTree = "<group>";
		};
		5101D6AD1F79E7CA00365BDC /* TBRuntimeGit */ = {
			isa = PBXGroup;
			children = (
				510FC8CF1F7A1E5B00AA98F7 /* TBRunTimeCode */,
				5101D6AE1F79E7CA00365BDC /* AppDelegate.h */,
				5101D6AF1F79E7CA00365BDC /* AppDelegate.m */,
				5101D6B11F79E7CA00365BDC /* ViewController.h */,
				5101D6B21F79E7CA00365BDC /* ViewController.m */,
				5101D6B41F79E7CA00365BDC /* Main.storyboard */,
				5101D6B71F79E7CA00365BDC /* Assets.xcassets */,
				5101D6B91F79E7CA00365BDC /* LaunchScreen.storyboard */,
				5101D6BC1F79E7CA00365BDC /* Info.plist */,
				5101D6BD1F79E7CA00365BDC /* main.m */,
			);
			path = TBRuntimeGit;
			sourceTree = "<group>";
		};
		5101D6C61F79E7CA00365BDC /* TBRuntimeGitTests */ = {
			isa = PBXGroup;
			children = (
				5101D6C71F79E7CA00365BDC /* TBRuntimeGitTests.m */,
				5101D6C91F79E7CA00365BDC /* Info.plist */,
			);
			path = TBRuntimeGitTests;
			sourceTree = "<group>";
		};
		5101D6D11F79E7CA00365BDC /* TBRuntimeGitUITests */ = {
			isa = PBXGroup;
			children = (
				5101D6D21F79E7CA00365BDC /* TBRuntimeGitUITests.m */,
				5101D6D41F79E7CA00365BDC /* Info.plist */,
			);
			path = TBRuntimeGitUITests;
			sourceTree = "<group>";
		};
		510FC8CF1F7A1E5B00AA98F7 /* TBRunTimeCode */ = {
			isa = PBXGroup;
			children = (
				510FC8D01F7A1E5B00AA98F7 /* NSObject+TBRunTimeGit.h */,
				510FC8D11F7A1E5B00AA98F7 /* NSObject+TBRunTimeGit.m */,
				510FC8D21F7A1E5B00AA98F7 /* TBRuntimeGitPerson.h */,
				510FC8D31F7A1E5B00AA98F7 /* TBRuntimeGitPerson.m */,
				510FC8D41F7A1E5B00AA98F7 /* TBRuntimeGitPerson2.h */,
				510FC8D51F7A1E5B00AA98F7 /* TBRuntimeGitPerson2.m */,
				510FC8D61F7A1E5B00AA98F7 /* TBRunTimeGitVC.h */,
				510FC8D71F7A1E5B00AA98F7 /* TBRunTimeGitVC.m */,
				510FC8D81F7A1E5B00AA98F7 /* TBRunTimeGitVC.xib */,
			);
			path = TBRunTimeCode;
			sourceTree = "<group>";
		};
/* End PBXGroup section */

/* Begin PBXNativeTarget section */
		5101D6AA1F79E7CA00365BDC /* TBRuntimeGit */ = {
			isa = PBXNativeTarget;
			buildConfigurationList = 5101D6D71F79E7CA00365BDC /* Build configuration list for PBXNativeTarget "TBRuntimeGit" */;
			buildPhases = (
				5101D6A71F79E7CA00365BDC /* Sources */,
				5101D6A81F79E7CA00365BDC /* Frameworks */,
				5101D6A91F79E7CA00365BDC /* Resources */,
			);
			buildRules = (
			);
			dependencies = (
			);
			name = TBRuntimeGit;
			productName = TBRuntimeGit;
			productReference = 5101D6AB1F79E7CA00365BDC /* TBRuntimeGit.app */;
			productType = "com.apple.product-type.application";
		};
		5101D6C21F79E7CA00365BDC /* TBRuntimeGitTests */ = {
			isa = PBXNativeTarget;
			buildConfigurationList = 5101D6DA1F79E7CA00365BDC /* Build configuration list for PBXNativeTarget "TBRuntimeGitTests" */;
			buildPhases = (
				5101D6BF1F79E7CA00365BDC /* Sources */,
				5101D6C01F79E7CA00365BDC /* Frameworks */,
				5101D6C11F79E7CA00365BDC /* Resources */,
			);
			buildRules = (
			);
			dependencies = (
				5101D6C51F79E7CA00365BDC /* PBXTargetDependency */,
			);
			name = TBRuntimeGitTests;
			productName = TBRuntimeGitTests;
			productReference = 5101D6C31F79E7CA00365BDC /* TBRuntimeGitTests.xctest */;
			productType = "com.apple.product-type.bundle.unit-test";
		};
		5101D6CD1F79E7CA00365BDC /* TBRuntimeGitUITests */ = {
			isa = PBXNativeTarget;
			buildConfigurationList = 5101D6DD1F79E7CA00365BDC /* Build configuration list for PBXNativeTarget "TBRuntimeGitUITests" */;
			buildPhases = (
				5101D6CA1F79E7CA00365BDC /* Sources */,
				5101D6CB1F79E7CA00365BDC /* Frameworks */,
				5101D6CC1F79E7CA00365BDC /* Resources */,
			);
			buildRules = (
			);
			dependencies = (
				5101D6D01F79E7CA00365BDC /* PBXTargetDependency */,
			);
			name = TBRuntimeGitUITests;
			productName = TBRuntimeGitUITests;
			productReference = 5101D6CE1F79E7CA00365BDC /* TBRuntimeGitUITests.xctest */;
			productType = "com.apple.product-type.bundle.ui-testing";
		};
/* End PBXNativeTarget section */

/* Begin PBXProject section */
		5101D6A31F79E7CA00365BDC /* Project object */ = {
			isa = PBXProject;
			attributes = {
				LastUpgradeCheck = 0900;
				ORGANIZATIONNAME = hanchuangkeji;
				TargetAttributes = {
					5101D6AA1F79E7CA00365BDC = {
						CreatedOnToolsVersion = 9.0;
						ProvisioningStyle = Automatic;
					};
					5101D6C21F79E7CA00365BDC = {
						CreatedOnToolsVersion = 9.0;
						ProvisioningStyle = Automatic;
						TestTargetID = 5101D6AA1F79E7CA00365BDC;
					};
					5101D6CD1F79E7CA00365BDC = {
						CreatedOnToolsVersion = 9.0;
						ProvisioningStyle = Automatic;
						TestTargetID = 5101D6AA1F79E7CA00365BDC;
					};
				};
			};
			buildConfigurationList = 5101D6A61F79E7CA00365BDC /* Build configuration list for PBXProject "TBRuntimeGit" */;
			compatibilityVersion = "Xcode 8.0";
			developmentRegion = en;
			hasScannedForEncodings = 0;
			knownRegions = (
				en,
				Base,
			);
			mainGroup = 5101D6A21F79E7CA00365BDC;
			productRefGroup = 5101D6AC1F79E7CA00365BDC /* Products */;
			projectDirPath = "";
			projectRoot = "";
			targets = (
				5101D6AA1F79E7CA00365BDC /* TBRuntimeGit */,
				5101D6C21F79E7CA00365BDC /* TBRuntimeGitTests */,
				5101D6CD1F79E7CA00365BDC /* TBRuntimeGitUITests */,
			);
		};
/* End PBXProject section */

/* Begin PBXResourcesBuildPhase section */
		5101D6A91F79E7CA00365BDC /* Resources */ = {
			isa = PBXResourcesBuildPhase;
			buildActionMask = 2147483647;
			files = (
				5101D6BB1F79E7CA00365BDC /* LaunchScreen.storyboard in Resources */,
				5101D6B81F79E7CA00365BDC /* Assets.xcassets in Resources */,
				510FC8DD1F7A1E5B00AA98F7 /* TBRunTimeGitVC.xib in Resources */,
				5101D6B61F79E7CA00365BDC /* Main.storyboard in Resources */,
			);
			runOnlyForDeploymentPostprocessing = 0;
		};
		5101D6C11F79E7CA00365BDC /* Resources */ = {
			isa = PBXResourcesBuildPhase;
			buildActionMask = 2147483647;
			files = (
			);
			runOnlyForDeploymentPostprocessing = 0;
		};
		5101D6CC1F79E7CA00365BDC /* Resources */ = {
			isa = PBXResourcesBuildPhase;
			buildActionMask = 2147483647;
			files = (
			);
			runOnlyForDeploymentPostprocessing = 0;
		};
/* End PBXResourcesBuildPhase section */

/* Begin PBXSourcesBuildPhase section */
		5101D6A71F79E7CA00365BDC /* Sources */ = {
			isa = PBXSourcesBuildPhase;
			buildActionMask = 2147483647;
			files = (
				5101D6B31F79E7CA00365BDC /* ViewController.m in Sources */,
				5101D6BE1F79E7CA00365BDC /* main.m in Sources */,
				510FC8DC1F7A1E5B00AA98F7 /* TBRunTimeGitVC.m in Sources */,
				5101D6B01F79E7CA00365BDC /* AppDelegate.m in Sources */,
				510FC8DB1F7A1E5B00AA98F7 /* TBRuntimeGitPerson2.m in Sources */,
				510FC8DA1F7A1E5B00AA98F7 /* TBRuntimeGitPerson.m in Sources */,
				510FC8D91F7A1E5B00AA98F7 /* NSObject+TBRunTimeGit.m in Sources */,
			);
			runOnlyForDeploymentPostprocessing = 0;
		};
		5101D6BF1F79E7CA00365BDC /* Sources */ = {
			isa = PBXSourcesBuildPhase;
			buildActionMask = 2147483647;
			files = (
				5101D6C81F79E7CA00365BDC /* TBRuntimeGitTests.m in Sources */,
			);
			runOnlyForDeploymentPostprocessing = 0;
		};
		5101D6CA1F79E7CA00365BDC /* Sources */ = {
			isa = PBXSourcesBuildPhase;
			buildActionMask = 2147483647;
			files = (
				5101D6D31F79E7CA00365BDC /* TBRuntimeGitUITests.m in Sources */,
			);
			runOnlyForDeploymentPostprocessing = 0;
		};
/* End PBXSourcesBuildPhase section */

/* Begin PBXTargetDependency section */
		5101D6C51F79E7CA00365BDC /* PBXTargetDependency */ = {
			isa = PBXTargetDependency;
			target = 5101D6AA1F79E7CA00365BDC /* TBRuntimeGit */;
			targetProxy = 5101D6C41F79E7CA00365BDC /* PBXContainerItemProxy */;
		};
		5101D6D01F79E7CA00365BDC /* PBXTargetDependency */ = {
			isa = PBXTargetDependency;
			target = 5101D6AA1F79E7CA00365BDC /* TBRuntimeGit */;
			targetProxy = 5101D6CF1F79E7CA00365BDC /* PBXContainerItemProxy */;
		};
/* End PBXTargetDependency section */

/* Begin PBXVariantGroup section */
		5101D6B41F79E7CA00365BDC /* Main.storyboard */ = {
			isa = PBXVariantGroup;
			children = (
				5101D6B51F79E7CA00365BDC /* Base */,
			);
			name = Main.storyboard;
			sourceTree = "<group>";
		};
		5101D6B91F79E7CA00365BDC /* LaunchScreen.storyboard */ = {
			isa = PBXVariantGroup;
			children = (
				5101D6BA1F79E7CA00365BDC /* Base */,
			);
			name = LaunchScreen.storyboard;
			sourceTree = "<group>";
		};
/* End PBXVariantGroup section */

/* Begin XCBuildConfiguration section */
		5101D6D51F79E7CA00365BDC /* Debug */ = {
			isa = XCBuildConfiguration;
			buildSettings = {
				ALWAYS_SEARCH_USER_PATHS = NO;
				CLANG_ANALYZER_NONNULL = YES;
				CLANG_ANALYZER_NUMBER_OBJECT_CONVERSION = YES_AGGRESSIVE;
				CLANG_CXX_LANGUAGE_STANDARD = "gnu++14";
				CLANG_CXX_LIBRARY = "libc++";
				CLANG_ENABLE_MODULES = YES;
				CLANG_ENABLE_OBJC_ARC = YES;
				CLANG_WARN_BLOCK_CAPTURE_AUTORELEASING = YES;
				CLANG_WARN_BOOL_CONVERSION = YES;
				CLANG_WARN_COMMA = YES;
				CLANG_WARN_CONSTANT_CONVERSION = YES;
				CLANG_WARN_DIRECT_OBJC_ISA_USAGE = YES_ERROR;
				CLANG_WARN_DOCUMENTATION_COMMENTS = YES;
				CLANG_WARN_EMPTY_BODY = YES;
				CLANG_WARN_ENUM_CONVERSION = YES;
				CLANG_WARN_INFINITE_RECURSION = YES;
				CLANG_WARN_INT_CONVERSION = YES;
				CLANG_WARN_NON_LITERAL_NULL_CONVERSION = YES;
				CLANG_WARN_OBJC_LITERAL_CONVERSION = YES;
				CLANG_WARN_OBJC_ROOT_CLASS = YES_ERROR;
				CLANG_WARN_RANGE_LOOP_ANALYSIS = YES;
				CLANG_WARN_STRICT_PROTOTYPES = YES;
				CLANG_WARN_SUSPICIOUS_MOVE = YES;
				CLANG_WARN_UNGUARDED_AVAILABILITY = YES_AGGRESSIVE;
				CLANG_WARN_UNREACHABLE_CODE = YES;
				CLANG_WARN__DUPLICATE_METHOD_MATCH = YES;
				CODE_SIGN_IDENTITY = "iPhone Developer";
				COPY_PHASE_STRIP = NO;
				DEBUG_INFORMATION_FORMAT = dwarf;
				ENABLE_STRICT_OBJC_MSGSEND = YES;
				ENABLE_TESTABILITY = YES;
				GCC_C_LANGUAGE_STANDARD = gnu11;
				GCC_DYNAMIC_NO_PIC = NO;
				GCC_NO_COMMON_BLOCKS = YES;
				GCC_OPTIMIZATION_LEVEL = 0;
				GCC_PREPROCESSOR_DEFINITIONS = (
					"DEBUG=1",
					"$(inherited)",
				);
				GCC_WARN_64_TO_32_BIT_CONVERSION = YES;
				GCC_WARN_ABOUT_RETURN_TYPE = YES_ERROR;
				GCC_WARN_UNDECLARED_SELECTOR = YES;
				GCC_WARN_UNINITIALIZED_AUTOS = YES_AGGRESSIVE;
				GCC_WARN_UNUSED_FUNCTION = YES;
				GCC_WARN_UNUSED_VARIABLE = YES;
				IPHONEOS_DEPLOYMENT_TARGET = 11.0;
				MTL_ENABLE_DEBUG_INFO = YES;
				ONLY_ACTIVE_ARCH = YES;
				SDKROOT = iphoneos;
			};
			name = Debug;
		};
		5101D6D61F79E7CA00365BDC /* Release */ = {
			isa = XCBuildConfiguration;
			buildSettings = {
				ALWAYS_SEARCH_USER_PATHS = NO;
				CLANG_ANALYZER_NONNULL = YES;
				CLANG_ANALYZER_NUMBER_OBJECT_CONVERSION = YES_AGGRESSIVE;
				CLANG_CXX_LANGUAGE_STANDARD = "gnu++14";
				CLANG_CXX_LIBRARY = "libc++";
				CLANG_ENABLE_MODULES = YES;
				CLANG_ENABLE_OBJC_ARC = YES;
				CLANG_WARN_BLOCK_CAPTURE_AUTORELEASING = YES;
				CLANG_WARN_BOOL_CONVERSION = YES;
				CLANG_WARN_COMMA = YES;
				CLANG_WARN_CONSTANT_CONVERSION = YES;
				CLANG_WARN_DIRECT_OBJC_ISA_USAGE = YES_ERROR;
				CLANG_WARN_DOCUMENTATION_COMMENTS = YES;
				CLANG_WARN_EMPTY_BODY = YES;
				CLANG_WARN_ENUM_CONVERSION = YES;
				CLANG_WARN_INFINITE_RECURSION = YES;
				CLANG_WARN_INT_CONVERSION = YES;
				CLANG_WARN_NON_LITERAL_NULL_CONVERSION = YES;
				CLANG_WARN_OBJC_LITERAL_CONVERSION = YES;
				CLANG_WARN_OBJC_ROOT_CLASS = YES_ERROR;
				CLANG_WARN_RANGE_LOOP_ANALYSIS = YES;
				CLANG_WARN_STRICT_PROTOTYPES = YES;
				CLANG_WARN_SUSPICIOUS_MOVE = YES;
				CLANG_WARN_UNGUARDED_AVAILABILITY = YES_AGGRESSIVE;
				CLANG_WARN_UNREACHABLE_CODE = YES;
				CLANG_WARN__DUPLICATE_METHOD_MATCH = YES;
				CODE_SIGN_IDENTITY = "iPhone Developer";
				COPY_PHASE_STRIP = NO;
				DEBUG_INFORMATION_FORMAT = "dwarf-with-dsym";
				ENABLE_NS_ASSERTIONS = NO;
				ENABLE_STRICT_OBJC_MSGSEND = YES;
				GCC_C_LANGUAGE_STANDARD = gnu11;
				GCC_NO_COMMON_BLOCKS = YES;
				GCC_WARN_64_TO_32_BIT_CONVERSION = YES;
				GCC_WARN_ABOUT_RETURN_TYPE = YES_ERROR;
				GCC_WARN_UNDECLARED_SELECTOR = YES;
				GCC_WARN_UNINITIALIZED_AUTOS = YES_AGGRESSIVE;
				GCC_WARN_UNUSED_FUNCTION = YES;
				GCC_WARN_UNUSED_VARIABLE = YES;
				IPHONEOS_DEPLOYMENT_TARGET = 11.0;
				MTL_ENABLE_DEBUG_INFO = NO;
				SDKROOT = iphoneos;
				VALIDATE_PRODUCT = YES;
			};
			name = Release;
		};
		5101D6D81F79E7CA00365BDC /* Debug */ = {
			isa = XCBuildConfiguration;
			buildSettings = {
				ASSETCATALOG_COMPILER_APPICON_NAME = AppIcon;
				CODE_SIGN_STYLE = Automatic;
				DEVELOPMENT_TEAM = 26T3GN5W2S;
				INFOPLIST_FILE = TBRuntimeGit/Info.plist;
				LD_RUNPATH_SEARCH_PATHS = "$(inherited) @executable_path/Frameworks";
				PRODUCT_BUNDLE_IDENTIFIER = com.pintu.ttttttttt.TBRuntimeGit;
				PRODUCT_NAME = "$(TARGET_NAME)";
				TARGETED_DEVICE_FAMILY = "1,2";
			};
			name = Debug;
		};
		5101D6D91F79E7CA00365BDC /* Release */ = {
			isa = XCBuildConfiguration;
			buildSettings = {
				ASSETCATALOG_COMPILER_APPICON_NAME = AppIcon;
				CODE_SIGN_STYLE = Automatic;
				DEVELOPMENT_TEAM = 26T3GN5W2S;
				INFOPLIST_FILE = TBRuntimeGit/Info.plist;
				LD_RUNPATH_SEARCH_PATHS = "$(inherited) @executable_path/Frameworks";
				PRODUCT_BUNDLE_IDENTIFIER = com.pintu.ttttttttt.TBRuntimeGit;
				PRODUCT_NAME = "$(TARGET_NAME)";
				TARGETED_DEVICE_FAMILY = "1,2";
			};
			name = Release;
		};
		5101D6DB1F79E7CA00365BDC /* Debug */ = {
			isa = XCBuildConfiguration;
			buildSettings = {
				BUNDLE_LOADER = "$(TEST_HOST)";
				CODE_SIGN_STYLE = Automatic;
				DEVELOPMENT_TEAM = 26T3GN5W2S;
				INFOPLIST_FILE = TBRuntimeGitTests/Info.plist;
				LD_RUNPATH_SEARCH_PATHS = "$(inherited) @executable_path/Frameworks @loader_path/Frameworks";
				PRODUCT_BUNDLE_IDENTIFIER = com.pintu.ttttttttt.TBRuntimeGitTests;
				PRODUCT_NAME = "$(TARGET_NAME)";
				TARGETED_DEVICE_FAMILY = "1,2";
				TEST_HOST = "$(BUILT_PRODUCTS_DIR)/TBRuntimeGit.app/TBRuntimeGit";
			};
			name = Debug;
		};
		5101D6DC1F79E7CA00365BDC /* Release */ = {
			isa = XCBuildConfiguration;
			buildSettings = {
				BUNDLE_LOADER = "$(TEST_HOST)";
				CODE_SIGN_STYLE = Automatic;
				DEVELOPMENT_TEAM = 26T3GN5W2S;
				INFOPLIST_FILE = TBRuntimeGitTests/Info.plist;
				LD_RUNPATH_SEARCH_PATHS = "$(inherited) @executable_path/Frameworks @loader_path/Frameworks";
				PRODUCT_BUNDLE_IDENTIFIER = com.pintu.ttttttttt.TBRuntimeGitTests;
				PRODUCT_NAME = "$(TARGET_NAME)";
				TARGETED_DEVICE_FAMILY = "1,2";
				TEST_HOST = "$(BUILT_PRODUCTS_DIR)/TBRuntimeGit.app/TBRuntimeGit";
			};
			name = Release;
		};
		5101D6DE1F79E7CA00365BDC /* Debug */ = {
			isa = XCBuildConfiguration;
			buildSettings = {
				CODE_SIGN_STYLE = Automatic;
				DEVELOPMENT_TEAM = 26T3GN5W2S;
				INFOPLIST_FILE = TBRuntimeGitUITests/Info.plist;
				LD_RUNPATH_SEARCH_PATHS = "$(inherited) @executable_path/Frameworks @loader_path/Frameworks";
				PRODUCT_BUNDLE_IDENTIFIER = com.pintu.ttttttttt.TBRuntimeGitUITests;
				PRODUCT_NAME = "$(TARGET_NAME)";
				TARGETED_DEVICE_FAMILY = "1,2";
				TEST_TARGET_NAME = TBRuntimeGit;
			};
			name = Debug;
		};
		5101D6DF1F79E7CA00365BDC /* Release */ = {
			isa = XCBuildConfiguration;
			buildSettings = {
				CODE_SIGN_STYLE = Automatic;
				DEVELOPMENT_TEAM = 26T3GN5W2S;
				INFOPLIST_FILE = TBRuntimeGitUITests/Info.plist;
				LD_RUNPATH_SEARCH_PATHS = "$(inherited) @executable_path/Frameworks @loader_path/Frameworks";
				PRODUCT_BUNDLE_IDENTIFIER = com.pintu.ttttttttt.TBRuntimeGitUITests;
				PRODUCT_NAME = "$(TARGET_NAME)";
				TARGETED_DEVICE_FAMILY = "1,2";
				TEST_TARGET_NAME = TBRuntimeGit;
			};
			name = Release;
		};
/* End XCBuildConfiguration section */

/* Begin XCConfigurationList section */
		5101D6A61F79E7CA00365BDC /* Build configuration list for PBXProject "TBRuntimeGit" */ = {
			isa = XCConfigurationList;
			buildConfigurations = (
				5101D6D51F79E7CA00365BDC /* Debug */,
				5101D6D61F79E7CA00365BDC /* Release */,
			);
			defaultConfigurationIsVisible = 0;
			defaultConfigurationName = Release;
		};
		5101D6D71F79E7CA00365BDC /* Build configuration list for PBXNativeTarget "TBRuntimeGit" */ = {
			isa = XCConfigurationList;
			buildConfigurations = (
				5101D6D81F79E7CA00365BDC /* Debug */,
				5101D6D91F79E7CA00365BDC /* Release */,
			);
			defaultConfigurationIsVisible = 0;
			defaultConfigurationName = Release;
		};
		5101D6DA1F79E7CA00365BDC /* Build configuration list for PBXNativeTarget "TBRuntimeGitTests" */ = {
			isa = XCConfigurationList;
			buildConfigurations = (
				5101D6DB1F79E7CA00365BDC /* Debug */,
				5101D6DC1F79E7CA00365BDC /* Release */,
			);
			defaultConfigurationIsVisible = 0;
			defaultConfigurationName = Release;
		};
		5101D6DD1F79E7CA00365BDC /* Build configuration list for PBXNativeTarget "TBRuntimeGitUITests" */ = {
			isa = XCConfigurationList;
			buildConfigurations = (
				5101D6DE1F79E7CA00365BDC /* Debug */,
				5101D6DF1F79E7CA00365BDC /* Release */,
			);
			defaultConfigurationIsVisible = 0;
			defaultConfigurationName = Release;
		};
/* End XCConfigurationList section */
	};
	rootObject = 5101D6A31F79E7CA00365BDC /* Project object */;
}
